// !$*UTF8*$!
{
	archiveVersion = 1;
	classes = {
	};
	objectVersion = 50;
	objects = {

/* Begin PBXBuildFile section */
		CF26B008248506A100FFC363 /* SpeakersSliderCollectionViewCell.swift in Sources */ = {isa = PBXBuildFile; fileRef = CF26B007248506A100FFC363 /* SpeakersSliderCollectionViewCell.swift */; };
		CF26B00A2485093C00FFC363 /* FooterMenuTableViewCell.swift in Sources */ = {isa = PBXBuildFile; fileRef = CF26B0092485093C00FFC363 /* FooterMenuTableViewCell.swift */; };
		CF26B00C24850FFD00FFC363 /* FooterMenuModel.swift in Sources */ = {isa = PBXBuildFile; fileRef = CF26B00B24850FFD00FFC363 /* FooterMenuModel.swift */; };
		CF367C132477AF350061FAF8 /* SpeakerCollectionViewCell.swift in Sources */ = {isa = PBXBuildFile; fileRef = CF367C122477AF350061FAF8 /* SpeakerCollectionViewCell.swift */; };
		CF367C152477B2170061FAF8 /* SpeakerModel.swift in Sources */ = {isa = PBXBuildFile; fileRef = CF367C142477B2170061FAF8 /* SpeakerModel.swift */; };
		CFDA0F5D247501E900062C13 /* AppDelegate.swift in Sources */ = {isa = PBXBuildFile; fileRef = CFDA0F5C247501E900062C13 /* AppDelegate.swift */; };
		CFDA0F5F247501E900062C13 /* SceneDelegate.swift in Sources */ = {isa = PBXBuildFile; fileRef = CFDA0F5E247501E900062C13 /* SceneDelegate.swift */; };
		CFDA0F61247501E900062C13 /* ViewController.swift in Sources */ = {isa = PBXBuildFile; fileRef = CFDA0F60247501E900062C13 /* ViewController.swift */; };
		CFDA0F64247501E900062C13 /* Main.storyboard in Resources */ = {isa = PBXBuildFile; fileRef = CFDA0F62247501E900062C13 /* Main.storyboard */; };
		CFDA0F66247501ED00062C13 /* Assets.xcassets in Resources */ = {isa = PBXBuildFile; fileRef = CFDA0F65247501ED00062C13 /* Assets.xcassets */; };
		CFDA0F69247501ED00062C13 /* LaunchScreen.storyboard in Resources */ = {isa = PBXBuildFile; fileRef = CFDA0F67247501ED00062C13 /* LaunchScreen.storyboard */; };
/* End PBXBuildFile section */

/* Begin PBXFileReference section */
		CF26B007248506A100FFC363 /* SpeakersSliderCollectionViewCell.swift */ = {isa = PBXFileReference; lastKnownFileType = sourcecode.swift; path = SpeakersSliderCollectionViewCell.swift; sourceTree = "<group>"; };
		CF26B0092485093C00FFC363 /* FooterMenuTableViewCell.swift */ = {isa = PBXFileReference; lastKnownFileType = sourcecode.swift; path = FooterMenuTableViewCell.swift; sourceTree = "<group>"; };
		CF26B00B24850FFD00FFC363 /* FooterMenuModel.swift */ = {isa = PBXFileReference; lastKnownFileType = sourcecode.swift; path = FooterMenuModel.swift; sourceTree = "<group>"; };
		CF367C122477AF350061FAF8 /* SpeakerCollectionViewCell.swift */ = {isa = PBXFileReference; lastKnownFileType = sourcecode.swift; path = SpeakerCollectionViewCell.swift; sourceTree = "<group>"; };
		CF367C142477B2170061FAF8 /* SpeakerModel.swift */ = {isa = PBXFileReference; lastKnownFileType = sourcecode.swift; path = SpeakerModel.swift; sourceTree = "<group>"; };
		CFDA0F59247501E900062C13 /* MarketingTurkiyeApp.app */ = {isa = PBXFileReference; explicitFileType = wrapper.application; includeInIndex = 0; path = MarketingTurkiyeApp.app; sourceTree = BUILT_PRODUCTS_DIR; };
		CFDA0F5C247501E900062C13 /* AppDelegate.swift */ = {isa = PBXFileReference; lastKnownFileType = sourcecode.swift; path = AppDelegate.swift; sourceTree = "<group>"; };
		CFDA0F5E247501E900062C13 /* SceneDelegate.swift */ = {isa = PBXFileReference; lastKnownFileType = sourcecode.swift; path = SceneDelegate.swift; sourceTree = "<group>"; };
		CFDA0F60247501E900062C13 /* ViewController.swift */ = {isa = PBXFileReference; lastKnownFileType = sourcecode.swift; path = ViewController.swift; sourceTree = "<group>"; };
		CFDA0F63247501E900062C13 /* Base */ = {isa = PBXFileReference; lastKnownFileType = file.storyboard; name = Base; path = Base.lproj/Main.storyboard; sourceTree = "<group>"; };
		CFDA0F65247501ED00062C13 /* Assets.xcassets */ = {isa = PBXFileReference; lastKnownFileType = folder.assetcatalog; path = Assets.xcassets; sourceTree = "<group>"; };
		CFDA0F68247501ED00062C13 /* Base */ = {isa = PBXFileReference; lastKnownFileType = file.storyboard; name = Base; path = Base.lproj/LaunchScreen.storyboard; sourceTree = "<group>"; };
		CFDA0F6A247501ED00062C13 /* Info.plist */ = {isa = PBXFileReference; lastKnownFileType = text.plist.xml; path = Info.plist; sourceTree = "<group>"; };
/* End PBXFileReference section */

/* Begin PBXFrameworksBuildPhase section */
		CFDA0F56247501E900062C13 /* Frameworks */ = {
			isa = PBXFrameworksBuildPhase;
			buildActionMask = 2147483647;
			files = (
			);
			runOnlyForDeploymentPostprocessing = 0;
		};
/* End PBXFrameworksBuildPhase section */

/* Begin PBXGroup section */
		CFDA0F50247501E900062C13 = {
			isa = PBXGroup;
			children = (
				CFDA0F5B247501E900062C13 /* MarketingTurkiyeApp */,
				CFDA0F5A247501E900062C13 /* Products */,
			);
			sourceTree = "<group>";
		};
		CFDA0F5A247501E900062C13 /* Products */ = {
			isa = PBXGroup;
			children = (
				CFDA0F59247501E900062C13 /* MarketingTurkiyeApp.app */,
			);
			name = Products;
			sourceTree = "<group>";
		};
		CFDA0F5B247501E900062C13 /* MarketingTurkiyeApp */ = {
			isa = PBXGroup;
			children = (
				CFDA0F5C247501E900062C13 /* AppDelegate.swift */,
				CFDA0F5E247501E900062C13 /* SceneDelegate.swift */,
				CFDA0F60247501E900062C13 /* ViewController.swift */,
				CF367C142477B2170061FAF8 /* SpeakerModel.swift */,
				CF26B00B24850FFD00FFC363 /* FooterMenuModel.swift */,
				CF367C122477AF350061FAF8 /* SpeakerCollectionViewCell.swift */,
				CF26B007248506A100FFC363 /* SpeakersSliderCollectionViewCell.swift */,
				CF26B0092485093C00FFC363 /* FooterMenuTableViewCell.swift */,
				CFDA0F62247501E900062C13 /* Main.storyboard */,
				CFDA0F65247501ED00062C13 /* Assets.xcassets */,
				CFDA0F67247501ED00062C13 /* LaunchScreen.storyboard */,
				CFDA0F6A247501ED00062C13 /* Info.plist */,
			);
			path = MarketingTurkiyeApp;
			sourceTree = "<group>";
		};
/* End PBXGroup section */

/* Begin PBXNativeTarget section */
		CFDA0F58247501E900062C13 /* MarketingTurkiyeApp */ = {
			isa = PBXNativeTarget;
			buildConfigurationList = CFDA0F6D247501ED00062C13 /* Build configuration list for PBXNativeTarget "MarketingTurkiyeApp" */;
			buildPhases = (
				CFDA0F55247501E900062C13 /* Sources */,
				CFDA0F56247501E900062C13 /* Frameworks */,
				CFDA0F57247501E900062C13 /* Resources */,
			);
			buildRules = (
			);
			dependencies = (
			);
			name = MarketingTurkiyeApp;
			productName = MarketingTurkiyeApp;
			productReference = CFDA0F59247501E900062C13 /* MarketingTurkiyeApp.app */;
			productType = "com.apple.product-type.application";
		};
/* End PBXNativeTarget section */

/* Begin PBXProject section */
		CFDA0F51247501E900062C13 /* Project object */ = {
			isa = PBXProject;
			attributes = {
				LastSwiftUpdateCheck = 1140;
				LastUpgradeCheck = 1140;
				ORGANIZATIONNAME = "Ahmet Mucahid BOZKURT";
				TargetAttributes = {
					CFDA0F58247501E900062C13 = {
						CreatedOnToolsVersion = 11.4.1;
					};
				};
			};
			buildConfigurationList = CFDA0F54247501E900062C13 /* Build configuration list for PBXProject "MarketingTurkiyeApp" */;
			compatibilityVersion = "Xcode 9.3";
			developmentRegion = en;
			hasScannedForEncodings = 0;
			knownRegions = (
				en,
				Base,
			);
			mainGroup = CFDA0F50247501E900062C13;
			productRefGroup = CFDA0F5A247501E900062C13 /* Products */;
			projectDirPath = "";
			projectRoot = "";
			targets = (
				CFDA0F58247501E900062C13 /* MarketingTurkiyeApp */,
			);
		};
/* End PBXProject section */

/* Begin PBXResourcesBuildPhase section */
		CFDA0F57247501E900062C13 /* Resources */ = {
			isa = PBXResourcesBuildPhase;
			buildActionMask = 2147483647;
			files = (
				CFDA0F69247501ED00062C13 /* LaunchScreen.storyboard in Resources */,
				CFDA0F66247501ED00062C13 /* Assets.xcassets in Resources */,
				CFDA0F64247501E900062C13 /* Main.storyboard in Resources */,
			);
			runOnlyForDeploymentPostprocessing = 0;
		};
/* End PBXResourcesBuildPhase section */

/* Begin PBXSourcesBuildPhase section */
		CFDA0F55247501E900062C13 /* Sources */ = {
			isa = PBXSourcesBuildPhase;
			buildActionMask = 2147483647;
			files = (
				CF367C152477B2170061FAF8 /* SpeakerModel.swift in Sources */,
				CF26B008248506A100FFC363 /* SpeakersSliderCollectionViewCell.swift in Sources */,
				CFDA0F61247501E900062C13 /* ViewController.swift in Sources */,
				CF367C132477AF350061FAF8 /* SpeakerCollectionViewCell.swift in Sources */,
				CFDA0F5D247501E900062C13 /* AppDelegate.swift in Sources */,
				CF26B00C24850FFD00FFC363 /* FooterMenuModel.swift in Sources */,
				CF26B00A2485093C00FFC363 /* FooterMenuTableViewCell.swift in Sources */,
				CFDA0F5F247501E900062C13 /* SceneDelegate.swift in Sources */,
			);
			runOnlyForDeploymentPostprocessing = 0;
		};
/* End PBXSourcesBuildPhase section */

/* Begin PBXVariantGroup section */
		CFDA0F62247501E900062C13 /* Main.storyboard */ = {
			isa = PBXVariantGroup;
			children = (
				CFDA0F63247501E900062C13 /* Base */,
			);
			name = Main.storyboard;
			sourceTree = "<group>";
		};
		CFDA0F67247501ED00062C13 /* LaunchScreen.storyboard */ = {
			isa = PBXVariantGroup;
			children = (
				CFDA0F68247501ED00062C13 /* Base */,
			);
			name = LaunchScreen.storyboard;
			sourceTree = "<group>";
		};
/* End PBXVariantGroup section */

/* Begin XCBuildConfiguration section */
		CFDA0F6B247501ED00062C13 /* Debug */ = {
			isa = XCBuildConfiguration;
			buildSettings = {
				ALWAYS_SEARCH_USER_PATHS = NO;
				CLANG_ANALYZER_NONNULL = YES;
				CLANG_ANALYZER_NUMBER_OBJECT_CONVERSION = YES_AGGRESSIVE;
				CLANG_CXX_LANGUAGE_STANDARD = "gnu++14";
				CLANG_CXX_LIBRARY = "libc++";
				CLANG_ENABLE_MODULES = YES;
				CLANG_ENABLE_OBJC_ARC = YES;
				CLANG_ENABLE_OBJC_WEAK = YES;
				CLANG_WARN_BLOCK_CAPTURE_AUTORELEASING = YES;
				CLANG_WARN_BOOL_CONVERSION = YES;
				CLANG_WARN_COMMA = YES;
				CLANG_WARN_CONSTANT_CONVERSION = YES;
				CLANG_WARN_DEPRECATED_OBJC_IMPLEMENTATIONS = YES;
				CLANG_WARN_DIRECT_OBJC_ISA_USAGE = YES_ERROR;
				CLANG_WARN_DOCUMENTATION_COMMENTS = YES;
				CLANG_WARN_EMPTY_BODY = YES;
				CLANG_WARN_ENUM_CONVERSION = YES;
				CLANG_WARN_INFINITE_RECURSION = YES;
				CLANG_WARN_INT_CONVERSION = YES;
				CLANG_WARN_NON_LITERAL_NULL_CONVERSION = YES;
				CLANG_WARN_OBJC_IMPLICIT_RETAIN_SELF = YES;
				CLANG_WARN_OBJC_LITERAL_CONVERSION = YES;
				CLANG_WARN_OBJC_ROOT_CLASS = YES_ERROR;
				CLANG_WARN_RANGE_LOOP_ANALYSIS = YES;
				CLANG_WARN_STRICT_PROTOTYPES = YES;
				CLANG_WARN_SUSPICIOUS_MOVE = YES;
				CLANG_WARN_UNGUARDED_AVAILABILITY = YES_AGGRESSIVE;
				CLANG_WARN_UNREACHABLE_CODE = YES;
				CLANG_WARN__DUPLICATE_METHOD_MATCH = YES;
				COPY_PHASE_STRIP = NO;
				DEBUG_INFORMATION_FORMAT = dwarf;
				ENABLE_STRICT_OBJC_MSGSEND = YES;
				ENABLE_TESTABILITY = YES;
				GCC_C_LANGUAGE_STANDARD = gnu11;
				GCC_DYNAMIC_NO_PIC = NO;
				GCC_NO_COMMON_BLOCKS = YES;
				GCC_OPTIMIZATION_LEVEL = 0;
				GCC_PREPROCESSOR_DEFINITIONS = (
					"DEBUG=1",
					"$(inherited)",
				);
				GCC_WARN_64_TO_32_BIT_CONVERSION = YES;
				GCC_WARN_ABOUT_RETURN_TYPE = YES_ERROR;
				GCC_WARN_UNDECLARED_SELECTOR = YES;
				GCC_WARN_UNINITIALIZED_AUTOS = YES_AGGRESSIVE;
				GCC_WARN_UNUSED_FUNCTION = YES;
				GCC_WARN_UNUSED_VARIABLE = YES;
				IPHONEOS_DEPLOYMENT_TARGET = 13.4;
				MTL_ENABLE_DEBUG_INFO = INCLUDE_SOURCE;
				MTL_FAST_MATH = YES;
				ONLY_ACTIVE_ARCH = YES;
				SDKROOT = iphoneos;
				SWIFT_ACTIVE_COMPILATION_CONDITIONS = DEBUG;
				SWIFT_OPTIMIZATION_LEVEL = "-Onone";
			};
			name = Debug;
		};
		CFDA0F6C247501ED00062C13 /* Release */ = {
			isa = XCBuildConfiguration;
			buildSettings = {
				ALWAYS_SEARCH_USER_PATHS = NO;
				CLANG_ANALYZER_NONNULL = YES;
				CLANG_ANALYZER_NUMBER_OBJECT_CONVERSION = YES_AGGRESSIVE;
				CLANG_CXX_LANGUAGE_STANDARD = "gnu++14";
				CLANG_CXX_LIBRARY = "libc++";
				CLANG_ENABLE_MODULES = YES;
				CLANG_ENABLE_OBJC_ARC = YES;
				CLANG_ENABLE_OBJC_WEAK = YES;
				CLANG_WARN_BLOCK_CAPTURE_AUTORELEASING = YES;
				CLANG_WARN_BOOL_CONVERSION = YES;
				CLANG_WARN_COMMA = YES;
				CLANG_WARN_CONSTANT_CONVERSION = YES;
				CLANG_WARN_DEPRECATED_OBJC_IMPLEMENTATIONS = YES;
				CLANG_WARN_DIRECT_OBJC_ISA_USAGE = YES_ERROR;
				CLANG_WARN_DOCUMENTATION_COMMENTS = YES;
				CLANG_WARN_EMPTY_BODY = YES;
				CLANG_WARN_ENUM_CONVERSION = YES;
				CLANG_WARN_INFINITE_RECURSION = YES;
				CLANG_WARN_INT_CONVERSION = YES;
				CLANG_WARN_NON_LITERAL_NULL_CONVERSION = YES;
				CLANG_WARN_OBJC_IMPLICIT_RETAIN_SELF = YES;
				CLANG_WARN_OBJC_LITERAL_CONVERSION = YES;
				CLANG_WARN_OBJC_ROOT_CLASS = YES_ERROR;
				CLANG_WARN_RANGE_LOOP_ANALYSIS = YES;
				CLANG_WARN_STRICT_PROTOTYPES = YES;
				CLANG_WARN_SUSPICIOUS_MOVE = YES;
				CLANG_WARN_UNGUARDED_AVAILABILITY = YES_AGGRESSIVE;
				CLANG_WARN_UNREACHABLE_CODE = YES;
				CLANG_WARN__DUPLICATE_METHOD_MATCH = YES;
				COPY_PHASE_STRIP = NO;
				DEBUG_INFORMATION_FORMAT = "dwarf-with-dsym";
				ENABLE_NS_ASSERTIONS = NO;
				ENABLE_STRICT_OBJC_MSGSEND = YES;
				GCC_C_LANGUAGE_STANDARD = gnu11;
				GCC_NO_COMMON_BLOCKS = YES;
				GCC_WARN_64_TO_32_BIT_CONVERSION = YES;
				GCC_WARN_ABOUT_RETURN_TYPE = YES_ERROR;
				GCC_WARN_UNDECLARED_SELECTOR = YES;
				GCC_WARN_UNINITIALIZED_AUTOS = YES_AGGRESSIVE;
				GCC_WARN_UNUSED_FUNCTION = YES;
				GCC_WARN_UNUSED_VARIABLE = YES;
				IPHONEOS_DEPLOYMENT_TARGET = 13.4;
				MTL_ENABLE_DEBUG_INFO = NO;
				MTL_FAST_MATH = YES;
				SDKROOT = iphoneos;
				SWIFT_COMPILATION_MODE = wholemodule;
				SWIFT_OPTIMIZATION_LEVEL = "-O";
				VALIDATE_PRODUCT = YES;
			};
			name = Release;
		};
		CFDA0F6E247501ED00062C13 /* Debug */ = {
			isa = XCBuildConfiguration;
			buildSettings = {
				ASSETCATALOG_COMPILER_APPICON_NAME = AppIcon;
				CODE_SIGN_STYLE = Automatic;
				DEVELOPMENT_TEAM = 484BFL3MV7;
				INFOPLIST_FILE = MarketingTurkiyeApp/Info.plist;
				LD_RUNPATH_SEARCH_PATHS = (
					"$(inherited)",
					"@executable_path/Frameworks",
				);
				PRODUCT_BUNDLE_IDENTIFIER = com.amucahidbozkurt.MarketingTurkiyeApp;
				PRODUCT_NAME = "$(TARGET_NAME)";
				SWIFT_VERSION = 5.0;
				TARGETED_DEVICE_FAMILY = "1,2";
			};
			name = Debug;
		};
		CFDA0F6F247501ED00062C13 /* Release */ = {
			isa = XCBuildConfiguration;
			buildSettings = {
				ASSETCATALOG_COMPILER_APPICON_NAME = AppIcon;
				CODE_SIGN_STYLE = Automatic;
				DEVELOPMENT_TEAM = 484BFL3MV7;
				INFOPLIST_FILE = MarketingTurkiyeApp/Info.plist;
				LD_RUNPATH_SEARCH_PATHS = (
					"$(inherited)",
					"@executable_path/Frameworks",
				);
				PRODUCT_BUNDLE_IDENTIFIER = com.amucahidbozkurt.MarketingTurkiyeApp;
				PRODUCT_NAME = "$(TARGET_NAME)";
				SWIFT_VERSION = 5.0;
				TARGETED_DEVICE_FAMILY = "1,2";
			};
			name = Release;
		};
/* End XCBuildConfiguration section */

/* Begin XCConfigurationList section */
		CFDA0F54247501E900062C13 /* Build configuration list for PBXProject "MarketingTurkiyeApp" */ = {
			isa = XCConfigurationList;
			buildConfigurations = (
				CFDA0F6B247501ED00062C13 /* Debug */,
				CFDA0F6C247501ED00062C13 /* Release */,
			);
			defaultConfigurationIsVisible = 0;
			defaultConfigurationName = Release;
		};
		CFDA0F6D247501ED00062C13 /* Build configuration list for PBXNativeTarget "MarketingTurkiyeApp" */ = {
			isa = XCConfigurationList;
			buildConfigurations = (
				CFDA0F6E247501ED00062C13 /* Debug */,
				CFDA0F6F247501ED00062C13 /* Release */,
			);
			defaultConfigurationIsVisible = 0;
			defaultConfigurationName = Release;
		};
/* End XCConfigurationList section */
	};
	rootObject = CFDA0F51247501E900062C13 /* Project object */;
}
